
Microsoft Visual Studio Solution File, Format Version 12.00
# Visual Studio Version 17
VisualStudioVersion = 17.11.35222.181
MinimumVisualStudioVersion = 10.0.40219.1
Project("{FAE04EC0-301F-11D3-BF4B-00C04F79EFBC}") = "BiblioteksHanteringSystem 3", "BiblioteksHanteringSystem 3.csproj", "{F4D44FDB-DDBF-4A4E-BE6B-F4880A7BD2D1}"
EndProject
Global
	GlobalSection(SolutionConfigurationPlatforms) = preSolution
		Debug|Any CPU = Debug|Any CPU
		Release|Any CPU = Release|Any CPU
	EndGlobalSection
	GlobalSection(ProjectConfigurationPlatforms) = postSolution
		{F4D44FDB-DDBF-4A4E-BE6B-F4880A7BD2D1}.Debug|Any CPU.ActiveCfg = Debug|Any CPU
		{F4D44FDB-DDBF-4A4E-BE6B-F4880A7BD2D1}.Debug|Any CPU.Build.0 = Debug|Any CPU
		{F4D44FDB-DDBF-4A4E-BE6B-F4880A7BD2D1}.Release|Any CPU.ActiveCfg = Release|Any CPU
		{F4D44FDB-DDBF-4A4E-BE6B-F4880A7BD2D1}.Release|Any CPU.Build.0 = Release|Any CPU
	EndGlobalSection
	GlobalSection(SolutionProperties) = preSolution
		HideSolutionNode = FALSE
	EndGlobalSection
	GlobalSection(ExtensibilityGlobals) = postSolution
		SolutionGuid = {AC1CA3AC-888B-4718-B96A-7C6A8F8F96AD}
	EndGlobalSection
EndGlobal
